// !$*UTF8*$!
{
	archiveVersion = 1;
	classes = {
	};
	objectVersion = 50;
	objects = {

/* Begin PBXBuildFile section */
		D3DB1AD520CDE827001EE890 /* AppDelegate.swift in Sources */ = {isa = PBXBuildFile; fileRef = D3DB1AD420CDE827001EE890 /* AppDelegate.swift */; };
		D3DB1AD720CDE827001EE890 /* ViewController.swift in Sources */ = {isa = PBXBuildFile; fileRef = D3DB1AD620CDE827001EE890 /* ViewController.swift */; };
		D3DB1ADA20CDE827001EE890 /* Main.storyboard in Resources */ = {isa = PBXBuildFile; fileRef = D3DB1AD820CDE827001EE890 /* Main.storyboard */; };
		D3DB1ADC20CDE829001EE890 /* Assets.xcassets in Resources */ = {isa = PBXBuildFile; fileRef = D3DB1ADB20CDE829001EE890 /* Assets.xcassets */; };
		D3DB1ADF20CDE829001EE890 /* LaunchScreen.storyboard in Resources */ = {isa = PBXBuildFile; fileRef = D3DB1ADD20CDE829001EE890 /* LaunchScreen.storyboard */; };
		D3E212C820F1A62300C9ABD8 /* AboutViewController.swift in Sources */ = {isa = PBXBuildFile; fileRef = D3E212C720F1A62300C9ABD8 /* AboutViewController.swift */; };
		D3E212CA20F1A98000C9ABD8 /* AboutAuthorViewController.swift in Sources */ = {isa = PBXBuildFile; fileRef = D3E212C920F1A98000C9ABD8 /* AboutAuthorViewController.swift */; };
		D3E212CC20F1AD5500C9ABD8 /* profilePic.JPG in Resources */ = {isa = PBXBuildFile; fileRef = D3E212CB20F1AD5500C9ABD8 /* profilePic.JPG */; };
		D3E212CE20F1AF5300C9ABD8 /* exitIcon.png in Resources */ = {isa = PBXBuildFile; fileRef = D3E212CD20F1AF5300C9ABD8 /* exitIcon.png */; };
		D3E212D020F1B04700C9ABD8 /* ExitIcon2.png in Resources */ = {isa = PBXBuildFile; fileRef = D3E212CF20F1B04700C9ABD8 /* ExitIcon2.png */; };
		D3E212D220F1C45400C9ABD8 /* profilePic.JPG in Resources */ = {isa = PBXBuildFile; fileRef = D3E212D120F1C45400C9ABD8 /* profilePic.JPG */; };
/* End PBXBuildFile section */

/* Begin PBXFileReference section */
		D3DB1AD120CDE827001EE890 /* BullsEye.app */ = {isa = PBXFileReference; explicitFileType = wrapper.application; includeInIndex = 0; path = BullsEye.app; sourceTree = BUILT_PRODUCTS_DIR; };
		D3DB1AD420CDE827001EE890 /* AppDelegate.swift */ = {isa = PBXFileReference; lastKnownFileType = sourcecode.swift; path = AppDelegate.swift; sourceTree = "<group>"; };
		D3DB1AD620CDE827001EE890 /* ViewController.swift */ = {isa = PBXFileReference; lastKnownFileType = sourcecode.swift; path = ViewController.swift; sourceTree = "<group>"; };
		D3DB1AD920CDE827001EE890 /* Base */ = {isa = PBXFileReference; lastKnownFileType = file.storyboard; name = Base; path = Base.lproj/Main.storyboard; sourceTree = "<group>"; };
		D3DB1ADB20CDE829001EE890 /* Assets.xcassets */ = {isa = PBXFileReference; lastKnownFileType = folder.assetcatalog; path = Assets.xcassets; sourceTree = "<group>"; };
		D3DB1ADE20CDE829001EE890 /* Base */ = {isa = PBXFileReference; lastKnownFileType = file.storyboard; name = Base; path = Base.lproj/LaunchScreen.storyboard; sourceTree = "<group>"; };
		D3DB1AE020CDE829001EE890 /* Info.plist */ = {isa = PBXFileReference; lastKnownFileType = text.plist.xml; path = Info.plist; sourceTree = "<group>"; };
		D3E212C720F1A62300C9ABD8 /* AboutViewController.swift */ = {isa = PBXFileReference; lastKnownFileType = sourcecode.swift; path = AboutViewController.swift; sourceTree = "<group>"; };
		D3E212C920F1A98000C9ABD8 /* AboutAuthorViewController.swift */ = {isa = PBXFileReference; lastKnownFileType = sourcecode.swift; path = AboutAuthorViewController.swift; sourceTree = "<group>"; };
		D3E212CB20F1AD5500C9ABD8 /* profilePic.JPG */ = {isa = PBXFileReference; lastKnownFileType = image.jpeg; name = profilePic.JPG; path = ../../../../profilePic.JPG; sourceTree = "<group>"; };
		D3E212CD20F1AF5300C9ABD8 /* exitIcon.png */ = {isa = PBXFileReference; lastKnownFileType = image.png; name = exitIcon.png; path = ../../../../../Downloads/exitIcon.png; sourceTree = "<group>"; };
		D3E212CF20F1B04700C9ABD8 /* ExitIcon2.png */ = {isa = PBXFileReference; lastKnownFileType = image.png; name = ExitIcon2.png; path = ../../../../../Downloads/ExitIcon2.png; sourceTree = "<group>"; };
		D3E212D120F1C45400C9ABD8 /* profilePic.JPG */ = {isa = PBXFileReference; lastKnownFileType = image.jpeg; name = profilePic.JPG; path = ../../../../profilePic.JPG; sourceTree = "<group>"; };
		D3E212D520F1CE1D00C9ABD8 /* BullsEye.html */ = {isa = PBXFileReference; lastKnownFileType = text.html; name = BullsEye.html; path = "/Users/ayubdahir/Desktop/IOS Course/BullsEye game project/BullsEye/BullsEye/BullsEye.html"; sourceTree = "<absolute>"; };
/* End PBXFileReference section */

/* Begin PBXFrameworksBuildPhase section */
		D3DB1ACE20CDE827001EE890 /* Frameworks */ = {
			isa = PBXFrameworksBuildPhase;
			buildActionMask = 2147483647;
			files = (
			);
			runOnlyForDeploymentPostprocessing = 0;
		};
/* End PBXFrameworksBuildPhase section */

/* Begin PBXGroup section */
		D3DB1AC820CDE827001EE890 = {
			isa = PBXGroup;
			children = (
				D3DB1AD320CDE827001EE890 /* BullsEye */,
				D3DB1AD220CDE827001EE890 /* Products */,
			);
			sourceTree = "<group>";
		};
		D3DB1AD220CDE827001EE890 /* Products */ = {
			isa = PBXGroup;
			children = (
				D3DB1AD120CDE827001EE890 /* BullsEye.app */,
			);
			name = Products;
			sourceTree = "<group>";
		};
		D3DB1AD320CDE827001EE890 /* BullsEye */ = {
			isa = PBXGroup;
			children = (
				D3E212D520F1CE1D00C9ABD8 /* BullsEye.html */,
				D3DB1AD420CDE827001EE890 /* AppDelegate.swift */,
				D3DB1AD620CDE827001EE890 /* ViewController.swift */,
				D3DB1AD820CDE827001EE890 /* Main.storyboard */,
				D3E212C920F1A98000C9ABD8 /* AboutAuthorViewController.swift */,
				D3E212C720F1A62300C9ABD8 /* AboutViewController.swift */,
				D3DB1ADB20CDE829001EE890 /* Assets.xcassets */,
				D3E212CB20F1AD5500C9ABD8 /* profilePic.JPG */,
				D3DB1ADD20CDE829001EE890 /* LaunchScreen.storyboard */,
				D3E212D120F1C45400C9ABD8 /* profilePic.JPG */,
				D3E212CD20F1AF5300C9ABD8 /* exitIcon.png */,
				D3E212CF20F1B04700C9ABD8 /* ExitIcon2.png */,
				D3DB1AE020CDE829001EE890 /* Info.plist */,
			);
			path = BullsEye;
			sourceTree = "<group>";
		};
/* End PBXGroup section */

/* Begin PBXNativeTarget section */
		D3DB1AD020CDE827001EE890 /* BullsEye */ = {
			isa = PBXNativeTarget;
			buildConfigurationList = D3DB1AE320CDE829001EE890 /* Build configuration list for PBXNativeTarget "BullsEye" */;
			buildPhases = (
				D3DB1ACD20CDE827001EE890 /* Sources */,
				D3DB1ACE20CDE827001EE890 /* Frameworks */,
				D3DB1ACF20CDE827001EE890 /* Resources */,
			);
			buildRules = (
			);
			dependencies = (
			);
			name = BullsEye;
			productName = BullsEye;
			productReference = D3DB1AD120CDE827001EE890 /* BullsEye.app */;
			productType = "com.apple.product-type.application";
		};
/* End PBXNativeTarget section */

/* Begin PBXProject section */
		D3DB1AC920CDE827001EE890 /* Project object */ = {
			isa = PBXProject;
			attributes = {
				LastSwiftUpdateCheck = 0940;
				LastUpgradeCheck = 0940;
				ORGANIZATIONNAME = "Ayub Dahir";
				TargetAttributes = {
					D3DB1AD020CDE827001EE890 = {
						CreatedOnToolsVersion = 9.4;
					};
				};
			};
			buildConfigurationList = D3DB1ACC20CDE827001EE890 /* Build configuration list for PBXProject "BullsEye" */;
			compatibilityVersion = "Xcode 9.3";
			developmentRegion = en;
			hasScannedForEncodings = 0;
			knownRegions = (
				en,
				Base,
			);
			mainGroup = D3DB1AC820CDE827001EE890;
			productRefGroup = D3DB1AD220CDE827001EE890 /* Products */;
			projectDirPath = "";
			projectRoot = "";
			targets = (
				D3DB1AD020CDE827001EE890 /* BullsEye */,
			);
		};
/* End PBXProject section */

/* Begin PBXResourcesBuildPhase section */
		D3DB1ACF20CDE827001EE890 /* Resources */ = {
			isa = PBXResourcesBuildPhase;
			buildActionMask = 2147483647;
			files = (
				D3E212CE20F1AF5300C9ABD8 /* exitIcon.png in Resources */,
				D3E212D220F1C45400C9ABD8 /* profilePic.JPG in Resources */,
				D3DB1ADF20CDE829001EE890 /* LaunchScreen.storyboard in Resources */,
				D3DB1ADC20CDE829001EE890 /* Assets.xcassets in Resources */,
				D3E212D020F1B04700C9ABD8 /* ExitIcon2.png in Resources */,
				D3E212CC20F1AD5500C9ABD8 /* profilePic.JPG in Resources */,
				D3DB1ADA20CDE827001EE890 /* Main.storyboard in Resources */,
			);
			runOnlyForDeploymentPostprocessing = 0;
		};
/* End PBXResourcesBuildPhase section */

/* Begin PBXSourcesBuildPhase section */
		D3DB1ACD20CDE827001EE890 /* Sources */ = {
			isa = PBXSourcesBuildPhase;
			buildActionMask = 2147483647;
			files = (
				D3E212C820F1A62300C9ABD8 /* AboutViewController.swift in Sources */,
				D3DB1AD720CDE827001EE890 /* ViewController.swift in Sources */,
				D3DB1AD520CDE827001EE890 /* AppDelegate.swift in Sources */,
				D3E212CA20F1A98000C9ABD8 /* AboutAuthorViewController.swift in Sources */,
			);
			runOnlyForDeploymentPostprocessing = 0;
		};
/* End PBXSourcesBuildPhase section */

/* Begin PBXVariantGroup section */
		D3DB1AD820CDE827001EE890 /* Main.storyboard */ = {
			isa = PBXVariantGroup;
			children = (
				D3DB1AD920CDE827001EE890 /* Base */,
			);
			name = Main.storyboard;
			sourceTree = "<group>";
		};
		D3DB1ADD20CDE829001EE890 /* LaunchScreen.storyboard */ = {
			isa = PBXVariantGroup;
			children = (
				D3DB1ADE20CDE829001EE890 /* Base */,
			);
			name = LaunchScreen.storyboard;
			sourceTree = "<group>";
		};
/* End PBXVariantGroup section */

/* Begin XCBuildConfiguration section */
		D3DB1AE120CDE829001EE890 /* Debug */ = {
			isa = XCBuildConfiguration;
			buildSettings = {
				ALWAYS_SEARCH_USER_PATHS = NO;
				CLANG_ANALYZER_NONNULL = YES;
				CLANG_ANALYZER_NUMBER_OBJECT_CONVERSION = YES_AGGRESSIVE;
				CLANG_CXX_LANGUAGE_STANDARD = "gnu++14";
				CLANG_CXX_LIBRARY = "libc++";
				CLANG_ENABLE_MODULES = YES;
				CLANG_ENABLE_OBJC_ARC = YES;
				CLANG_ENABLE_OBJC_WEAK = YES;
				CLANG_WARN_BLOCK_CAPTURE_AUTORELEASING = YES;
				CLANG_WARN_BOOL_CONVERSION = YES;
				CLANG_WARN_COMMA = YES;
				CLANG_WARN_CONSTANT_CONVERSION = YES;
				CLANG_WARN_DEPRECATED_OBJC_IMPLEMENTATIONS = YES;
				CLANG_WARN_DIRECT_OBJC_ISA_USAGE = YES_ERROR;
				CLANG_WARN_DOCUMENTATION_COMMENTS = YES;
				CLANG_WARN_EMPTY_BODY = YES;
				CLANG_WARN_ENUM_CONVERSION = YES;
				CLANG_WARN_INFINITE_RECURSION = YES;
				CLANG_WARN_INT_CONVERSION = YES;
				CLANG_WARN_NON_LITERAL_NULL_CONVERSION = YES;
				CLANG_WARN_OBJC_IMPLICIT_RETAIN_SELF = YES;
				CLANG_WARN_OBJC_LITERAL_CONVERSION = YES;
				CLANG_WARN_OBJC_ROOT_CLASS = YES_ERROR;
				CLANG_WARN_RANGE_LOOP_ANALYSIS = YES;
				CLANG_WARN_STRICT_PROTOTYPES = YES;
				CLANG_WARN_SUSPICIOUS_MOVE = YES;
				CLANG_WARN_UNGUARDED_AVAILABILITY = YES_AGGRESSIVE;
				CLANG_WARN_UNREACHABLE_CODE = YES;
				CLANG_WARN__DUPLICATE_METHOD_MATCH = YES;
				CODE_SIGN_IDENTITY = "iPhone Developer";
				COPY_PHASE_STRIP = NO;
				DEBUG_INFORMATION_FORMAT = dwarf;
				ENABLE_STRICT_OBJC_MSGSEND = YES;
				ENABLE_TESTABILITY = YES;
				GCC_C_LANGUAGE_STANDARD = gnu11;
				GCC_DYNAMIC_NO_PIC = NO;
				GCC_NO_COMMON_BLOCKS = YES;
				GCC_OPTIMIZATION_LEVEL = 0;
				GCC_PREPROCESSOR_DEFINITIONS = (
					"DEBUG=1",
					"$(inherited)",
				);
				GCC_WARN_64_TO_32_BIT_CONVERSION = YES;
				GCC_WARN_ABOUT_RETURN_TYPE = YES_ERROR;
				GCC_WARN_UNDECLARED_SELECTOR = YES;
				GCC_WARN_UNINITIALIZED_AUTOS = YES_AGGRESSIVE;
				GCC_WARN_UNUSED_FUNCTION = YES;
				GCC_WARN_UNUSED_VARIABLE = YES;
				IPHONEOS_DEPLOYMENT_TARGET = 11.4;
				MTL_ENABLE_DEBUG_INFO = YES;
				ONLY_ACTIVE_ARCH = YES;
				SDKROOT = iphoneos;
				SWIFT_ACTIVE_COMPILATION_CONDITIONS = DEBUG;
				SWIFT_OPTIMIZATION_LEVEL = "-Onone";
			};
			name = Debug;
		};
		D3DB1AE220CDE829001EE890 /* Release */ = {
			isa = XCBuildConfiguration;
			buildSettings = {
				ALWAYS_SEARCH_USER_PATHS = NO;
				CLANG_ANALYZER_NONNULL = YES;
				CLANG_ANALYZER_NUMBER_OBJECT_CONVERSION = YES_AGGRESSIVE;
				CLANG_CXX_LANGUAGE_STANDARD = "gnu++14";
				CLANG_CXX_LIBRARY = "libc++";
				CLANG_ENABLE_MODULES = YES;
				CLANG_ENABLE_OBJC_ARC = YES;
				CLANG_ENABLE_OBJC_WEAK = YES;
				CLANG_WARN_BLOCK_CAPTURE_AUTORELEASING = YES;
				CLANG_WARN_BOOL_CONVERSION = YES;
				CLANG_WARN_COMMA = YES;
				CLANG_WARN_CONSTANT_CONVERSION = YES;
				CLANG_WARN_DEPRECATED_OBJC_IMPLEMENTATIONS = YES;
				CLANG_WARN_DIRECT_OBJC_ISA_USAGE = YES_ERROR;
				CLANG_WARN_DOCUMENTATION_COMMENTS = YES;
				CLANG_WARN_EMPTY_BODY = YES;
				CLANG_WARN_ENUM_CONVERSION = YES;
				CLANG_WARN_INFINITE_RECURSION = YES;
				CLANG_WARN_INT_CONVERSION = YES;
				CLANG_WARN_NON_LITERAL_NULL_CONVERSION = YES;
				CLANG_WARN_OBJC_IMPLICIT_RETAIN_SELF = YES;
				CLANG_WARN_OBJC_LITERAL_CONVERSION = YES;
				CLANG_WARN_OBJC_ROOT_CLASS = YES_ERROR;
				CLANG_WARN_RANGE_LOOP_ANALYSIS = YES;
				CLANG_WARN_STRICT_PROTOTYPES = YES;
				CLANG_WARN_SUSPICIOUS_MOVE = YES;
				CLANG_WARN_UNGUARDED_AVAILABILITY = YES_AGGRESSIVE;
				CLANG_WARN_UNREACHABLE_CODE = YES;
				CLANG_WARN__DUPLICATE_METHOD_MATCH = YES;
				CODE_SIGN_IDENTITY = "iPhone Developer";
				COPY_PHASE_STRIP = NO;
				DEBUG_INFORMATION_FORMAT = "dwarf-with-dsym";
				ENABLE_NS_ASSERTIONS = NO;
				ENABLE_STRICT_OBJC_MSGSEND = YES;
				GCC_C_LANGUAGE_STANDARD = gnu11;
				GCC_NO_COMMON_BLOCKS = YES;
				GCC_WARN_64_TO_32_BIT_CONVERSION = YES;
				GCC_WARN_ABOUT_RETURN_TYPE = YES_ERROR;
				GCC_WARN_UNDECLARED_SELECTOR = YES;
				GCC_WARN_UNINITIALIZED_AUTOS = YES_AGGRESSIVE;
				GCC_WARN_UNUSED_FUNCTION = YES;
				GCC_WARN_UNUSED_VARIABLE = YES;
				IPHONEOS_DEPLOYMENT_TARGET = 11.4;
				MTL_ENABLE_DEBUG_INFO = NO;
				SDKROOT = iphoneos;
				SWIFT_COMPILATION_MODE = wholemodule;
				SWIFT_OPTIMIZATION_LEVEL = "-O";
				VALIDATE_PRODUCT = YES;
			};
			name = Release;
		};
		D3DB1AE420CDE829001EE890 /* Debug */ = {
			isa = XCBuildConfiguration;
			buildSettings = {
				ASSETCATALOG_COMPILER_APPICON_NAME = AppIcon;
				CODE_SIGN_STYLE = Automatic;
				DEVELOPMENT_TEAM = 7299HL5R2P;
				INFOPLIST_FILE = BullsEye/Info.plist;
				IPHONEOS_DEPLOYMENT_TARGET = 11.0;
				LD_RUNPATH_SEARCH_PATHS = (
					"$(inherited)",
					"@executable_path/Frameworks",
				);
				PRODUCT_BUNDLE_IDENTIFIER = com.razeware.BullsEye1224681;
				PRODUCT_NAME = "$(TARGET_NAME)";
				SWIFT_VERSION = 4.0;
				TARGETED_DEVICE_FAMILY = "1,2";
			};
			name = Debug;
		};
		D3DB1AE520CDE829001EE890 /* Release */ = {
			isa = XCBuildConfiguration;
			buildSettings = {
				ASSETCATALOG_COMPILER_APPICON_NAME = AppIcon;
				CODE_SIGN_STYLE = Automatic;
				DEVELOPMENT_TEAM = 7299HL5R2P;
				INFOPLIST_FILE = BullsEye/Info.plist;
				IPHONEOS_DEPLOYMENT_TARGET = 11.0;
				LD_RUNPATH_SEARCH_PATHS = (
					"$(inherited)",
					"@executable_path/Frameworks",
				);
				PRODUCT_BUNDLE_IDENTIFIER = com.razeware.BullsEye1224681;
				PRODUCT_NAME = "$(TARGET_NAME)";
				SWIFT_VERSION = 4.0;
				TARGETED_DEVICE_FAMILY = "1,2";
			};
			name = Release;
		};
/* End XCBuildConfiguration section */

/* Begin XCConfigurationList section */
		D3DB1ACC20CDE827001EE890 /* Build configuration list for PBXProject "BullsEye" */ = {
			isa = XCConfigurationList;
			buildConfigurations = (
				D3DB1AE120CDE829001EE890 /* Debug */,
				D3DB1AE220CDE829001EE890 /* Release */,
			);
			defaultConfigurationIsVisible = 0;
			defaultConfigurationName = Release;
		};
		D3DB1AE320CDE829001EE890 /* Build configuration list for PBXNativeTarget "BullsEye" */ = {
			isa = XCConfigurationList;
			buildConfigurations = (
				D3DB1AE420CDE829001EE890 /* Debug */,
				D3DB1AE520CDE829001EE890 /* Release */,
			);
			defaultConfigurationIsVisible = 0;
			defaultConfigurationName = Release;
		};
/* End XCConfigurationList section */
	};
	rootObject = D3DB1AC920CDE827001EE890 /* Project object */;
}
